
Microsoft Visual Studio Solution File, Format Version 11.00
# Visual Studio 2010
Project("{FAE04EC0-301F-11D3-BF4B-00C04F79EFBC}") = "Assembly-CSharp", "Assembly-CSharp.csproj", "{D205075F-257C-7E62-87EE-705F24A2B964}"
EndProject
Project("{FAE04EC0-301F-11D3-BF4B-00C04F79EFBC}") = "Assembly-CSharp-firstpass", "Assembly-CSharp-firstpass.csproj", "{5CF0BAA6-8596-0C23-2CF0-23E5F34E931A}"
EndProject
Project("{FAE04EC0-301F-11D3-BF4B-00C04F79EFBC}") = "Assembly-CSharp-Editor-firstpass", "Assembly-CSharp-Editor-firstpass.csproj", "{AB517F39-7F26-9D97-8474-FB35B0DC03BB}"
EndProject
Project("{FAE04EC0-301F-11D3-BF4B-00C04F79EFBC}") = "Assembly-CSharp-Editor", "Assembly-CSharp-Editor.csproj", "{92ECE563-B918-36B3-4F55-489F1CE66815}"
EndProject
Global
	GlobalSection(SolutionConfigurationPlatforms) = preSolution
		Debug|Any CPU = Debug|Any CPU
		Release|Any CPU = Release|Any CPU
	EndGlobalSection
	GlobalSection(ProjectConfigurationPlatforms) = postSolution
		{D205075F-257C-7E62-87EE-705F24A2B964}.Debug|Any CPU.ActiveCfg = Debug|Any CPU
		{D205075F-257C-7E62-87EE-705F24A2B964}.Debug|Any CPU.Build.0 = Debug|Any CPU
		{D205075F-257C-7E62-87EE-705F24A2B964}.Release|Any CPU.ActiveCfg = Release|Any CPU
		{D205075F-257C-7E62-87EE-705F24A2B964}.Release|Any CPU.Build.0 = Release|Any CPU
		{5CF0BAA6-8596-0C23-2CF0-23E5F34E931A}.Debug|Any CPU.ActiveCfg = Debug|Any CPU
		{5CF0BAA6-8596-0C23-2CF0-23E5F34E931A}.Debug|Any CPU.Build.0 = Debug|Any CPU
		{5CF0BAA6-8596-0C23-2CF0-23E5F34E931A}.Release|Any CPU.ActiveCfg = Release|Any CPU
		{5CF0BAA6-8596-0C23-2CF0-23E5F34E931A}.Release|Any CPU.Build.0 = Release|Any CPU
		{AB517F39-7F26-9D97-8474-FB35B0DC03BB}.Debug|Any CPU.ActiveCfg = Debug|Any CPU
		{AB517F39-7F26-9D97-8474-FB35B0DC03BB}.Debug|Any CPU.Build.0 = Debug|Any CPU
		{AB517F39-7F26-9D97-8474-FB35B0DC03BB}.Release|Any CPU.ActiveCfg = Release|Any CPU
		{AB517F39-7F26-9D97-8474-FB35B0DC03BB}.Release|Any CPU.Build.0 = Release|Any CPU
		{92ECE563-B918-36B3-4F55-489F1CE66815}.Debug|Any CPU.ActiveCfg = Debug|Any CPU
		{92ECE563-B918-36B3-4F55-489F1CE66815}.Debug|Any CPU.Build.0 = Debug|Any CPU
		{92ECE563-B918-36B3-4F55-489F1CE66815}.Release|Any CPU.ActiveCfg = Release|Any CPU
		{92ECE563-B918-36B3-4F55-489F1CE66815}.Release|Any CPU.Build.0 = Release|Any CPU
	EndGlobalSection
	GlobalSection(SolutionProperties) = preSolution
		HideSolutionNode = FALSE
	EndGlobalSection
EndGlobal
